// !$*UTF8*$!
{
	archiveVersion = 1;
	classes = {
	};
	objectVersion = 56;
	objects = {

/* Begin PBXBuildFile section */
		0252186A29155DEA000428C9 /* DemoXIBTableViewCell.swift in Sources */ = {isa = PBXBuildFile; fileRef = 0252186829155DEA000428C9 /* DemoXIBTableViewCell.swift */; };
		0252186B29155DEA000428C9 /* DemoXIBTableViewCell.xib in Resources */ = {isa = PBXBuildFile; fileRef = 0252186929155DEA000428C9 /* DemoXIBTableViewCell.xib */; };
		0252187029172E11000428C9 /* DetailViewController.swift in Sources */ = {isa = PBXBuildFile; fileRef = 0252186F29172E11000428C9 /* DetailViewController.swift */; };
		0295E45C2911B0B000896360 /* AppDelegate.swift in Sources */ = {isa = PBXBuildFile; fileRef = 0295E45B2911B0B000896360 /* AppDelegate.swift */; };
		0295E45E2911B0B000896360 /* SceneDelegate.swift in Sources */ = {isa = PBXBuildFile; fileRef = 0295E45D2911B0B000896360 /* SceneDelegate.swift */; };
		0295E4632911B0B000896360 /* Main.storyboard in Resources */ = {isa = PBXBuildFile; fileRef = 0295E4612911B0B000896360 /* Main.storyboard */; };
		0295E4652911B0B200896360 /* Assets.xcassets in Resources */ = {isa = PBXBuildFile; fileRef = 0295E4642911B0B200896360 /* Assets.xcassets */; };
		0295E4682911B0B200896360 /* LaunchScreen.storyboard in Resources */ = {isa = PBXBuildFile; fileRef = 0295E4662911B0B200896360 /* LaunchScreen.storyboard */; };
		0295E4712911B10700896360 /* DemoTableViewController.swift in Sources */ = {isa = PBXBuildFile; fileRef = 0295E46F2911B10700896360 /* DemoTableViewController.swift */; };
		02C4F00B2913EB7200F1D146 /* DemoStoryBoardViewController.swift in Sources */ = {isa = PBXBuildFile; fileRef = 02C4F00A2913EB7200F1D146 /* DemoStoryBoardViewController.swift */; };
/* End PBXBuildFile section */

/* Begin PBXFileReference section */
		0252186829155DEA000428C9 /* DemoXIBTableViewCell.swift */ = {isa = PBXFileReference; lastKnownFileType = sourcecode.swift; path = DemoXIBTableViewCell.swift; sourceTree = "<group>"; };
		0252186929155DEA000428C9 /* DemoXIBTableViewCell.xib */ = {isa = PBXFileReference; lastKnownFileType = file.xib; path = DemoXIBTableViewCell.xib; sourceTree = "<group>"; };
		0252186F29172E11000428C9 /* DetailViewController.swift */ = {isa = PBXFileReference; lastKnownFileType = sourcecode.swift; path = DetailViewController.swift; sourceTree = "<group>"; };
		0295E4582911B0B000896360 /* TableCollectionViewDemo.app */ = {isa = PBXFileReference; explicitFileType = wrapper.application; includeInIndex = 0; path = TableCollectionViewDemo.app; sourceTree = BUILT_PRODUCTS_DIR; };
		0295E45B2911B0B000896360 /* AppDelegate.swift */ = {isa = PBXFileReference; lastKnownFileType = sourcecode.swift; path = AppDelegate.swift; sourceTree = "<group>"; };
		0295E45D2911B0B000896360 /* SceneDelegate.swift */ = {isa = PBXFileReference; lastKnownFileType = sourcecode.swift; path = SceneDelegate.swift; sourceTree = "<group>"; };
		0295E4622911B0B000896360 /* Base */ = {isa = PBXFileReference; lastKnownFileType = file.storyboard; name = Base; path = Base.lproj/Main.storyboard; sourceTree = "<group>"; };
		0295E4642911B0B200896360 /* Assets.xcassets */ = {isa = PBXFileReference; lastKnownFileType = folder.assetcatalog; path = Assets.xcassets; sourceTree = "<group>"; };
		0295E4672911B0B200896360 /* Base */ = {isa = PBXFileReference; lastKnownFileType = file.storyboard; name = Base; path = Base.lproj/LaunchScreen.storyboard; sourceTree = "<group>"; };
		0295E4692911B0B200896360 /* Info.plist */ = {isa = PBXFileReference; lastKnownFileType = text.plist.xml; path = Info.plist; sourceTree = "<group>"; };
		0295E46F2911B10700896360 /* DemoTableViewController.swift */ = {isa = PBXFileReference; lastKnownFileType = sourcecode.swift; path = DemoTableViewController.swift; sourceTree = "<group>"; };
		02C4F00A2913EB7200F1D146 /* DemoStoryBoardViewController.swift */ = {isa = PBXFileReference; lastKnownFileType = sourcecode.swift; path = DemoStoryBoardViewController.swift; sourceTree = "<group>"; };
/* End PBXFileReference section */

/* Begin PBXFrameworksBuildPhase section */
		0295E4552911B0B000896360 /* Frameworks */ = {
			isa = PBXFrameworksBuildPhase;
			buildActionMask = 2147483647;
			files = (
			);
			runOnlyForDeploymentPostprocessing = 0;
		};
/* End PBXFrameworksBuildPhase section */

/* Begin PBXGroup section */
		0295E44F2911B0B000896360 = {
			isa = PBXGroup;
			children = (
				0295E45A2911B0B000896360 /* TableCollectionViewDemo */,
				0295E4592911B0B000896360 /* Products */,
			);
			sourceTree = "<group>";
		};
		0295E4592911B0B000896360 /* Products */ = {
			isa = PBXGroup;
			children = (
				0295E4582911B0B000896360 /* TableCollectionViewDemo.app */,
			);
			name = Products;
			sourceTree = "<group>";
		};
		0295E45A2911B0B000896360 /* TableCollectionViewDemo */ = {
			isa = PBXGroup;
			children = (
				0295E4732911B11F00896360 /* TableViewDemo */,
				0295E45B2911B0B000896360 /* AppDelegate.swift */,
				0295E45D2911B0B000896360 /* SceneDelegate.swift */,
				0295E4612911B0B000896360 /* Main.storyboard */,
				0295E4642911B0B200896360 /* Assets.xcassets */,
				0295E4662911B0B200896360 /* LaunchScreen.storyboard */,
				0295E4692911B0B200896360 /* Info.plist */,
			);
			path = TableCollectionViewDemo;
			sourceTree = "<group>";
		};
		0295E4732911B11F00896360 /* TableViewDemo */ = {
			isa = PBXGroup;
			children = (
				0252186F29172E11000428C9 /* DetailViewController.swift */,
				0295E46F2911B10700896360 /* DemoTableViewController.swift */,
				02C4F0092913EB2E00F1D146 /* Cells */,
			);
			path = TableViewDemo;
			sourceTree = "<group>";
		};
		02C4F0092913EB2E00F1D146 /* Cells */ = {
			isa = PBXGroup;
			children = (
				02C4F00A2913EB7200F1D146 /* DemoStoryBoardViewController.swift */,
				0252186829155DEA000428C9 /* DemoXIBTableViewCell.swift */,
				0252186929155DEA000428C9 /* DemoXIBTableViewCell.xib */,
			);
			path = Cells;
			sourceTree = "<group>";
		};
/* End PBXGroup section */

/* Begin PBXNativeTarget section */
		0295E4572911B0B000896360 /* TableCollectionViewDemo */ = {
			isa = PBXNativeTarget;
			buildConfigurationList = 0295E46C2911B0B200896360 /* Build configuration list for PBXNativeTarget "TableCollectionViewDemo" */;
			buildPhases = (
				0295E4542911B0B000896360 /* Sources */,
				0295E4552911B0B000896360 /* Frameworks */,
				0295E4562911B0B000896360 /* Resources */,
			);
			buildRules = (
			);
			dependencies = (
			);
			name = TableCollectionViewDemo;
			productName = TableCollectionViewDemo;
			productReference = 0295E4582911B0B000896360 /* TableCollectionViewDemo.app */;
			productType = "com.apple.product-type.application";
		};
/* End PBXNativeTarget section */

/* Begin PBXProject section */
		0295E4502911B0B000896360 /* Project object */ = {
			isa = PBXProject;
			attributes = {
				BuildIndependentTargetsInParallel = 1;
				LastSwiftUpdateCheck = 1400;
				LastUpgradeCheck = 1400;
				TargetAttributes = {
					0295E4572911B0B000896360 = {
						CreatedOnToolsVersion = 14.0.1;
					};
				};
			};
			buildConfigurationList = 0295E4532911B0B000896360 /* Build configuration list for PBXProject "TableCollectionViewDemo" */;
			compatibilityVersion = "Xcode 14.0";
			developmentRegion = en;
			hasScannedForEncodings = 0;
			knownRegions = (
				en,
				Base,
			);
			mainGroup = 0295E44F2911B0B000896360;
			productRefGroup = 0295E4592911B0B000896360 /* Products */;
			projectDirPath = "";
			projectRoot = "";
			targets = (
				0295E4572911B0B000896360 /* TableCollectionViewDemo */,
			);
		};
/* End PBXProject section */

/* Begin PBXResourcesBuildPhase section */
		0295E4562911B0B000896360 /* Resources */ = {
			isa = PBXResourcesBuildPhase;
			buildActionMask = 2147483647;
			files = (
				0252186B29155DEA000428C9 /* DemoXIBTableViewCell.xib in Resources */,
				0295E4682911B0B200896360 /* LaunchScreen.storyboard in Resources */,
				0295E4652911B0B200896360 /* Assets.xcassets in Resources */,
				0295E4632911B0B000896360 /* Main.storyboard in Resources */,
			);
			runOnlyForDeploymentPostprocessing = 0;
		};
/* End PBXResourcesBuildPhase section */

/* Begin PBXSourcesBuildPhase section */
		0295E4542911B0B000896360 /* Sources */ = {
			isa = PBXSourcesBuildPhase;
			buildActionMask = 2147483647;
			files = (
				0295E4712911B10700896360 /* DemoTableViewController.swift in Sources */,
				0295E45C2911B0B000896360 /* AppDelegate.swift in Sources */,
				0252186A29155DEA000428C9 /* DemoXIBTableViewCell.swift in Sources */,
				0252187029172E11000428C9 /* DetailViewController.swift in Sources */,
				02C4F00B2913EB7200F1D146 /* DemoStoryBoardViewController.swift in Sources */,
				0295E45E2911B0B000896360 /* SceneDelegate.swift in Sources */,
			);
			runOnlyForDeploymentPostprocessing = 0;
		};
/* End PBXSourcesBuildPhase section */

/* Begin PBXVariantGroup section */
		0295E4612911B0B000896360 /* Main.storyboard */ = {
			isa = PBXVariantGroup;
			children = (
				0295E4622911B0B000896360 /* Base */,
			);
			name = Main.storyboard;
			sourceTree = "<group>";
		};
		0295E4662911B0B200896360 /* LaunchScreen.storyboard */ = {
			isa = PBXVariantGroup;
			children = (
				0295E4672911B0B200896360 /* Base */,
			);
			name = LaunchScreen.storyboard;
			sourceTree = "<group>";
		};
/* End PBXVariantGroup section */

/* Begin XCBuildConfiguration section */
		0295E46A2911B0B200896360 /* Debug */ = {
			isa = XCBuildConfiguration;
			buildSettings = {
				ALWAYS_SEARCH_USER_PATHS = NO;
				CLANG_ANALYZER_NONNULL = YES;
				CLANG_ANALYZER_NUMBER_OBJECT_CONVERSION = YES_AGGRESSIVE;
				CLANG_CXX_LANGUAGE_STANDARD = "gnu++20";
				CLANG_ENABLE_MODULES = YES;
				CLANG_ENABLE_OBJC_ARC = YES;
				CLANG_ENABLE_OBJC_WEAK = YES;
				CLANG_WARN_BLOCK_CAPTURE_AUTORELEASING = YES;
				CLANG_WARN_BOOL_CONVERSION = YES;
				CLANG_WARN_COMMA = YES;
				CLANG_WARN_CONSTANT_CONVERSION = YES;
				CLANG_WARN_DEPRECATED_OBJC_IMPLEMENTATIONS = YES;
				CLANG_WARN_DIRECT_OBJC_ISA_USAGE = YES_ERROR;
				CLANG_WARN_DOCUMENTATION_COMMENTS = YES;
				CLANG_WARN_EMPTY_BODY = YES;
				CLANG_WARN_ENUM_CONVERSION = YES;
				CLANG_WARN_INFINITE_RECURSION = YES;
				CLANG_WARN_INT_CONVERSION = YES;
				CLANG_WARN_NON_LITERAL_NULL_CONVERSION = YES;
				CLANG_WARN_OBJC_IMPLICIT_RETAIN_SELF = YES;
				CLANG_WARN_OBJC_LITERAL_CONVERSION = YES;
				CLANG_WARN_OBJC_ROOT_CLASS = YES_ERROR;
				CLANG_WARN_QUOTED_INCLUDE_IN_FRAMEWORK_HEADER = YES;
				CLANG_WARN_RANGE_LOOP_ANALYSIS = YES;
				CLANG_WARN_STRICT_PROTOTYPES = YES;
				CLANG_WARN_SUSPICIOUS_MOVE = YES;
				CLANG_WARN_UNGUARDED_AVAILABILITY = YES_AGGRESSIVE;
				CLANG_WARN_UNREACHABLE_CODE = YES;
				CLANG_WARN__DUPLICATE_METHOD_MATCH = YES;
				COPY_PHASE_STRIP = NO;
				DEBUG_INFORMATION_FORMAT = dwarf;
				ENABLE_STRICT_OBJC_MSGSEND = YES;
				ENABLE_TESTABILITY = YES;
				GCC_C_LANGUAGE_STANDARD = gnu11;
				GCC_DYNAMIC_NO_PIC = NO;
				GCC_NO_COMMON_BLOCKS = YES;
				GCC_OPTIMIZATION_LEVEL = 0;
				GCC_PREPROCESSOR_DEFINITIONS = (
					"DEBUG=1",
					"$(inherited)",
				);
				GCC_WARN_64_TO_32_BIT_CONVERSION = YES;
				GCC_WARN_ABOUT_RETURN_TYPE = YES_ERROR;
				GCC_WARN_UNDECLARED_SELECTOR = YES;
				GCC_WARN_UNINITIALIZED_AUTOS = YES_AGGRESSIVE;
				GCC_WARN_UNUSED_FUNCTION = YES;
				GCC_WARN_UNUSED_VARIABLE = YES;
				IPHONEOS_DEPLOYMENT_TARGET = 16.0;
				MTL_ENABLE_DEBUG_INFO = INCLUDE_SOURCE;
				MTL_FAST_MATH = YES;
				ONLY_ACTIVE_ARCH = YES;
				SDKROOT = iphoneos;
				SWIFT_ACTIVE_COMPILATION_CONDITIONS = DEBUG;
				SWIFT_OPTIMIZATION_LEVEL = "-Onone";
			};
			name = Debug;
		};
		0295E46B2911B0B200896360 /* Release */ = {
			isa = XCBuildConfiguration;
			buildSettings = {
				ALWAYS_SEARCH_USER_PATHS = NO;
				CLANG_ANALYZER_NONNULL = YES;
				CLANG_ANALYZER_NUMBER_OBJECT_CONVERSION = YES_AGGRESSIVE;
				CLANG_CXX_LANGUAGE_STANDARD = "gnu++20";
				CLANG_ENABLE_MODULES = YES;
				CLANG_ENABLE_OBJC_ARC = YES;
				CLANG_ENABLE_OBJC_WEAK = YES;
				CLANG_WARN_BLOCK_CAPTURE_AUTORELEASING = YES;
				CLANG_WARN_BOOL_CONVERSION = YES;
				CLANG_WARN_COMMA = YES;
				CLANG_WARN_CONSTANT_CONVERSION = YES;
				CLANG_WARN_DEPRECATED_OBJC_IMPLEMENTATIONS = YES;
				CLANG_WARN_DIRECT_OBJC_ISA_USAGE = YES_ERROR;
				CLANG_WARN_DOCUMENTATION_COMMENTS = YES;
				CLANG_WARN_EMPTY_BODY = YES;
				CLANG_WARN_ENUM_CONVERSION = YES;
				CLANG_WARN_INFINITE_RECURSION = YES;
				CLANG_WARN_INT_CONVERSION = YES;
				CLANG_WARN_NON_LITERAL_NULL_CONVERSION = YES;
				CLANG_WARN_OBJC_IMPLICIT_RETAIN_SELF = YES;
				CLANG_WARN_OBJC_LITERAL_CONVERSION = YES;
				CLANG_WARN_OBJC_ROOT_CLASS = YES_ERROR;
				CLANG_WARN_QUOTED_INCLUDE_IN_FRAMEWORK_HEADER = YES;
				CLANG_WARN_RANGE_LOOP_ANALYSIS = YES;
				CLANG_WARN_STRICT_PROTOTYPES = YES;
				CLANG_WARN_SUSPICIOUS_MOVE = YES;
				CLANG_WARN_UNGUARDED_AVAILABILITY = YES_AGGRESSIVE;
				CLANG_WARN_UNREACHABLE_CODE = YES;
				CLANG_WARN__DUPLICATE_METHOD_MATCH = YES;
				COPY_PHASE_STRIP = NO;
				DEBUG_INFORMATION_FORMAT = "dwarf-with-dsym";
				ENABLE_NS_ASSERTIONS = NO;
				ENABLE_STRICT_OBJC_MSGSEND = YES;
				GCC_C_LANGUAGE_STANDARD = gnu11;
				GCC_NO_COMMON_BLOCKS = YES;
				GCC_WARN_64_TO_32_BIT_CONVERSION = YES;
				GCC_WARN_ABOUT_RETURN_TYPE = YES_ERROR;
				GCC_WARN_UNDECLARED_SELECTOR = YES;
				GCC_WARN_UNINITIALIZED_AUTOS = YES_AGGRESSIVE;
				GCC_WARN_UNUSED_FUNCTION = YES;
				GCC_WARN_UNUSED_VARIABLE = YES;
				IPHONEOS_DEPLOYMENT_TARGET = 16.0;
				MTL_ENABLE_DEBUG_INFO = NO;
				MTL_FAST_MATH = YES;
				SDKROOT = iphoneos;
				SWIFT_COMPILATION_MODE = wholemodule;
				SWIFT_OPTIMIZATION_LEVEL = "-O";
				VALIDATE_PRODUCT = YES;
			};
			name = Release;
		};
		0295E46D2911B0B200896360 /* Debug */ = {
			isa = XCBuildConfiguration;
			buildSettings = {
				ASSETCATALOG_COMPILER_APPICON_NAME = AppIcon;
				ASSETCATALOG_COMPILER_GLOBAL_ACCENT_COLOR_NAME = AccentColor;
				CODE_SIGN_STYLE = Automatic;
				CURRENT_PROJECT_VERSION = 1;
				GENERATE_INFOPLIST_FILE = YES;
				INFOPLIST_FILE = TableCollectionViewDemo/Info.plist;
				INFOPLIST_KEY_UIApplicationSupportsIndirectInputEvents = YES;
				INFOPLIST_KEY_UILaunchStoryboardName = LaunchScreen;
				INFOPLIST_KEY_UIMainStoryboardFile = Main;
				INFOPLIST_KEY_UISupportedInterfaceOrientations_iPad = "UIInterfaceOrientationPortrait UIInterfaceOrientationPortraitUpsideDown UIInterfaceOrientationLandscapeLeft UIInterfaceOrientationLandscapeRight";
				INFOPLIST_KEY_UISupportedInterfaceOrientations_iPhone = "UIInterfaceOrientationPortrait UIInterfaceOrientationLandscapeLeft UIInterfaceOrientationLandscapeRight";
				LD_RUNPATH_SEARCH_PATHS = (
					"$(inherited)",
					"@executable_path/Frameworks",
				);
				MARKETING_VERSION = 1.0;
				PRODUCT_BUNDLE_IDENTIFIER = FlitrerTrhow.TableCollectionViewDemo;
				PRODUCT_NAME = "$(TARGET_NAME)";
				SWIFT_EMIT_LOC_STRINGS = YES;
				SWIFT_VERSION = 5.0;
				TARGETED_DEVICE_FAMILY = "1,2";
			};
			name = Debug;
		};
		0295E46E2911B0B200896360 /* Release */ = {
			isa = XCBuildConfiguration;
			buildSettings = {
				ASSETCATALOG_COMPILER_APPICON_NAME = AppIcon;
				ASSETCATALOG_COMPILER_GLOBAL_ACCENT_COLOR_NAME = AccentColor;
				CODE_SIGN_STYLE = Automatic;
				CURRENT_PROJECT_VERSION = 1;
				GENERATE_INFOPLIST_FILE = YES;
				INFOPLIST_FILE = TableCollectionViewDemo/Info.plist;
				INFOPLIST_KEY_UIApplicationSupportsIndirectInputEvents = YES;
				INFOPLIST_KEY_UILaunchStoryboardName = LaunchScreen;
				INFOPLIST_KEY_UIMainStoryboardFile = Main;
				INFOPLIST_KEY_UISupportedInterfaceOrientations_iPad = "UIInterfaceOrientationPortrait UIInterfaceOrientationPortraitUpsideDown UIInterfaceOrientationLandscapeLeft UIInterfaceOrientationLandscapeRight";
				INFOPLIST_KEY_UISupportedInterfaceOrientations_iPhone = "UIInterfaceOrientationPortrait UIInterfaceOrientationLandscapeLeft UIInterfaceOrientationLandscapeRight";
				LD_RUNPATH_SEARCH_PATHS = (
					"$(inherited)",
					"@executable_path/Frameworks",
				);
				MARKETING_VERSION = 1.0;
				PRODUCT_BUNDLE_IDENTIFIER = FlitrerTrhow.TableCollectionViewDemo;
				PRODUCT_NAME = "$(TARGET_NAME)";
				SWIFT_EMIT_LOC_STRINGS = YES;
				SWIFT_VERSION = 5.0;
				TARGETED_DEVICE_FAMILY = "1,2";
			};
			name = Release;
		};
/* End XCBuildConfiguration section */

/* Begin XCConfigurationList section */
		0295E4532911B0B000896360 /* Build configuration list for PBXProject "TableCollectionViewDemo" */ = {
			isa = XCConfigurationList;
			buildConfigurations = (
				0295E46A2911B0B200896360 /* Debug */,
				0295E46B2911B0B200896360 /* Release */,
			);
			defaultConfigurationIsVisible = 0;
			defaultConfigurationName = Release;
		};
		0295E46C2911B0B200896360 /* Build configuration list for PBXNativeTarget "TableCollectionViewDemo" */ = {
			isa = XCConfigurationList;
			buildConfigurations = (
				0295E46D2911B0B200896360 /* Debug */,
				0295E46E2911B0B200896360 /* Release */,
			);
			defaultConfigurationIsVisible = 0;
			defaultConfigurationName = Release;
		};
/* End XCConfigurationList section */
	};
	rootObject = 0295E4502911B0B000896360 /* Project object */;
}
